
Microsoft Visual Studio Solution File, Format Version 12.00
# Visual Studio 2012
Project("{FAE04EC0-301F-11D3-BF4B-00C04F79EFBC}") = "SdgFinalLetterCryst", "SdgFinalLetterCryst\SdgFinalLetterCryst.csproj", "{D5A8540E-FA1A-43E4-BC3A-9F34AFE51D0E}"
EndProject
Project("{FAE04EC0-301F-11D3-BF4B-00C04F79EFBC}") = "BGPrintCrystal", "..\BGPrintCrystal\BGPrintCrystal\BGPrintCrystal.csproj", "{CC494446-C2A4-4FA2-98F0-D90796EDB1E3}"
EndProject
Global
	GlobalSection(SolutionConfigurationPlatforms) = preSolution
		Debug|Any CPU = Debug|Any CPU
		Release|Any CPU = Release|Any CPU
	EndGlobalSection
	GlobalSection(ProjectConfigurationPlatforms) = postSolution
		{D5A8540E-FA1A-43E4-BC3A-9F34AFE51D0E}.Debug|Any CPU.ActiveCfg = Debug|Any CPU
		{D5A8540E-FA1A-43E4-BC3A-9F34AFE51D0E}.Debug|Any CPU.Build.0 = Debug|Any CPU
		{D5A8540E-FA1A-43E4-BC3A-9F34AFE51D0E}.Release|Any CPU.ActiveCfg = Release|Any CPU
		{D5A8540E-FA1A-43E4-BC3A-9F34AFE51D0E}.Release|Any CPU.Build.0 = Release|Any CPU
		{CC494446-C2A4-4FA2-98F0-D90796EDB1E3}.Debug|Any CPU.ActiveCfg = Debug|Any CPU
		{CC494446-C2A4-4FA2-98F0-D90796EDB1E3}.Debug|Any CPU.Build.0 = Debug|Any CPU
		{CC494446-C2A4-4FA2-98F0-D90796EDB1E3}.Release|Any CPU.ActiveCfg = Release|Any CPU
		{CC494446-C2A4-4FA2-98F0-D90796EDB1E3}.Release|Any CPU.Build.0 = Release|Any CPU
	EndGlobalSection
	GlobalSection(SolutionProperties) = preSolution
		HideSolutionNode = FALSE
	EndGlobalSection
EndGlobal
